// !$*UTF8*$!
{
	archiveVersion = 1;
	classes = {
	};
	objectVersion = 56;
	objects = {

/* Begin PBXBuildFile section */
		6C6BF0E52C16115A006032CA /* Location.swift in Sources */ = {isa = PBXBuildFile; fileRef = 6C6BF0E42C16115A006032CA /* Location.swift */; };
		6C6BF0F12C1611C3006032CA /* MainViewController.swift in Sources */ = {isa = PBXBuildFile; fileRef = 6C6BF0E62C1611C3006032CA /* MainViewController.swift */; };
		6C6BF0F22C1611C3006032CA /* MainModel.swift in Sources */ = {isa = PBXBuildFile; fileRef = 6C6BF0E82C1611C3006032CA /* MainModel.swift */; };
		6C6BF0F32C1611C3006032CA /* MainModelDelegate.swift in Sources */ = {isa = PBXBuildFile; fileRef = 6C6BF0E92C1611C3006032CA /* MainModelDelegate.swift */; };
		6C6BF0F42C1611C3006032CA /* MainModelProtocol.swift in Sources */ = {isa = PBXBuildFile; fileRef = 6C6BF0EA2C1611C3006032CA /* MainModelProtocol.swift */; };
		6C6BF0F52C1611C3006032CA /* MainView.swift in Sources */ = {isa = PBXBuildFile; fileRef = 6C6BF0EC2C1611C3006032CA /* MainView.swift */; };
		6C6BF0F62C1611C3006032CA /* MainViewDelegate.swift in Sources */ = {isa = PBXBuildFile; fileRef = 6C6BF0ED2C1611C3006032CA /* MainViewDelegate.swift */; };
		6C6BF0F72C1611C3006032CA /* MainViewProtocol.swift in Sources */ = {isa = PBXBuildFile; fileRef = 6C6BF0EE2C1611C3006032CA /* MainViewProtocol.swift */; };
		6C6BF0FD2C1617C9006032CA /* APIConstant.swift in Sources */ = {isa = PBXBuildFile; fileRef = 6C6BF0F82C1617C8006032CA /* APIConstant.swift */; };
		6C6BF0FE2C1617C9006032CA /* NetworkService.swift in Sources */ = {isa = PBXBuildFile; fileRef = 6C6BF0F92C1617C8006032CA /* NetworkService.swift */; };
		6C6BF0FF2C1617C9006032CA /* NetworkService+Weather.swift in Sources */ = {isa = PBXBuildFile; fileRef = 6C6BF0FA2C1617C8006032CA /* NetworkService+Weather.swift */; };
		6C6BF1002C1617C9006032CA /* NetworkServiceProtocol.swift in Sources */ = {isa = PBXBuildFile; fileRef = 6C6BF0FB2C1617C8006032CA /* NetworkServiceProtocol.swift */; };
		6C6BF1022C161A38006032CA /* CoreDataServiceProtocol.swift in Sources */ = {isa = PBXBuildFile; fileRef = 6C6BF1012C161A37006032CA /* CoreDataServiceProtocol.swift */; };
		6C6BF1042C161A92006032CA /* ServiceProvider.swift in Sources */ = {isa = PBXBuildFile; fileRef = 6C6BF1032C161A92006032CA /* ServiceProvider.swift */; };
		6CAF2A872BFB87440084BC52 /* AppDelegate.swift in Sources */ = {isa = PBXBuildFile; fileRef = 6CAF2A862BFB87440084BC52 /* AppDelegate.swift */; };
		6CAF2A892BFB87440084BC52 /* SceneDelegate.swift in Sources */ = {isa = PBXBuildFile; fileRef = 6CAF2A882BFB87440084BC52 /* SceneDelegate.swift */; };
		6CAF2A902BFB874C0084BC52 /* Assets.xcassets in Resources */ = {isa = PBXBuildFile; fileRef = 6CAF2A8F2BFB874C0084BC52 /* Assets.xcassets */; };
		6CAF2A932BFB874C0084BC52 /* Base in Resources */ = {isa = PBXBuildFile; fileRef = 6CAF2A922BFB874C0084BC52 /* Base */; };
		6CDC01302C08B8E5006B2B5E /* Constant.swift in Sources */ = {isa = PBXBuildFile; fileRef = 6CDC012D2C08B8E5006B2B5E /* Constant.swift */; };
		6CDC01342C08B937006B2B5E /* DMWeatherInfo.swift in Sources */ = {isa = PBXBuildFile; fileRef = 6CDC01322C08B937006B2B5E /* DMWeatherInfo.swift */; };
		6CDC013A2C08CA67006B2B5E /* WeatherClient.xcdatamodeld in Sources */ = {isa = PBXBuildFile; fileRef = 6CDC01382C08CA67006B2B5E /* WeatherClient.xcdatamodeld */; };
		6CDC013E2C08CC02006B2B5E /* CoreDataService.swift in Sources */ = {isa = PBXBuildFile; fileRef = 6CDC013D2C08CC02006B2B5E /* CoreDataService.swift */; };
		6CDC014B2C08CEE3006B2B5E /* CDWeatherInfo+CoreDataClass.swift in Sources */ = {isa = PBXBuildFile; fileRef = 6CDC01472C08CEE3006B2B5E /* CDWeatherInfo+CoreDataClass.swift */; };
		6CDC014C2C08CEE3006B2B5E /* CDWeatherInfo+CoreDataProperties.swift in Sources */ = {isa = PBXBuildFile; fileRef = 6CDC01482C08CEE3006B2B5E /* CDWeatherInfo+CoreDataProperties.swift */; };
		6CDC014D2C08CEE3006B2B5E /* CDWeatherDetailes+CoreDataClass.swift in Sources */ = {isa = PBXBuildFile; fileRef = 6CDC01492C08CEE3006B2B5E /* CDWeatherDetailes+CoreDataClass.swift */; };
		6CDC014E2C08CEE3006B2B5E /* CDWeatherDetailes+CoreDataProperties.swift in Sources */ = {isa = PBXBuildFile; fileRef = 6CDC014A2C08CEE3006B2B5E /* CDWeatherDetailes+CoreDataProperties.swift */; };
		6CDC017F2C09DDFA006B2B5E /* CoreDataService+Weather.swift in Sources */ = {isa = PBXBuildFile; fileRef = 6CDC017E2C09DDFA006B2B5E /* CoreDataService+Weather.swift */; };
/* End PBXBuildFile section */

/* Begin PBXFileReference section */
		6C6BF0E42C16115A006032CA /* Location.swift */ = {isa = PBXFileReference; lastKnownFileType = sourcecode.swift; path = Location.swift; sourceTree = "<group>"; };
		6C6BF0E62C1611C3006032CA /* MainViewController.swift */ = {isa = PBXFileReference; fileEncoding = 4; lastKnownFileType = sourcecode.swift; path = MainViewController.swift; sourceTree = "<group>"; };
		6C6BF0E82C1611C3006032CA /* MainModel.swift */ = {isa = PBXFileReference; fileEncoding = 4; lastKnownFileType = sourcecode.swift; path = MainModel.swift; sourceTree = "<group>"; };
		6C6BF0E92C1611C3006032CA /* MainModelDelegate.swift */ = {isa = PBXFileReference; fileEncoding = 4; lastKnownFileType = sourcecode.swift; path = MainModelDelegate.swift; sourceTree = "<group>"; };
		6C6BF0EA2C1611C3006032CA /* MainModelProtocol.swift */ = {isa = PBXFileReference; fileEncoding = 4; lastKnownFileType = sourcecode.swift; path = MainModelProtocol.swift; sourceTree = "<group>"; };
		6C6BF0EC2C1611C3006032CA /* MainView.swift */ = {isa = PBXFileReference; fileEncoding = 4; lastKnownFileType = sourcecode.swift; path = MainView.swift; sourceTree = "<group>"; };
		6C6BF0ED2C1611C3006032CA /* MainViewDelegate.swift */ = {isa = PBXFileReference; fileEncoding = 4; lastKnownFileType = sourcecode.swift; path = MainViewDelegate.swift; sourceTree = "<group>"; };
		6C6BF0EE2C1611C3006032CA /* MainViewProtocol.swift */ = {isa = PBXFileReference; fileEncoding = 4; lastKnownFileType = sourcecode.swift; path = MainViewProtocol.swift; sourceTree = "<group>"; };
		6C6BF0F82C1617C8006032CA /* APIConstant.swift */ = {isa = PBXFileReference; fileEncoding = 4; lastKnownFileType = sourcecode.swift; path = APIConstant.swift; sourceTree = "<group>"; };
		6C6BF0F92C1617C8006032CA /* NetworkService.swift */ = {isa = PBXFileReference; fileEncoding = 4; lastKnownFileType = sourcecode.swift; path = NetworkService.swift; sourceTree = "<group>"; };
		6C6BF0FA2C1617C8006032CA /* NetworkService+Weather.swift */ = {isa = PBXFileReference; fileEncoding = 4; lastKnownFileType = sourcecode.swift; path = "NetworkService+Weather.swift"; sourceTree = "<group>"; };
		6C6BF0FB2C1617C8006032CA /* NetworkServiceProtocol.swift */ = {isa = PBXFileReference; fileEncoding = 4; lastKnownFileType = sourcecode.swift; path = NetworkServiceProtocol.swift; sourceTree = "<group>"; };
		6C6BF1012C161A37006032CA /* CoreDataServiceProtocol.swift */ = {isa = PBXFileReference; fileEncoding = 4; lastKnownFileType = sourcecode.swift; path = CoreDataServiceProtocol.swift; sourceTree = "<group>"; };
		6C6BF1032C161A92006032CA /* ServiceProvider.swift */ = {isa = PBXFileReference; fileEncoding = 4; lastKnownFileType = sourcecode.swift; path = ServiceProvider.swift; sourceTree = "<group>"; };
		6CAF2A832BFB87440084BC52 /* WeatherClient.app */ = {isa = PBXFileReference; explicitFileType = wrapper.application; includeInIndex = 0; path = WeatherClient.app; sourceTree = BUILT_PRODUCTS_DIR; };
		6CAF2A862BFB87440084BC52 /* AppDelegate.swift */ = {isa = PBXFileReference; lastKnownFileType = sourcecode.swift; path = AppDelegate.swift; sourceTree = "<group>"; };
		6CAF2A882BFB87440084BC52 /* SceneDelegate.swift */ = {isa = PBXFileReference; lastKnownFileType = sourcecode.swift; path = SceneDelegate.swift; sourceTree = "<group>"; };
		6CAF2A8F2BFB874C0084BC52 /* Assets.xcassets */ = {isa = PBXFileReference; lastKnownFileType = folder.assetcatalog; path = Assets.xcassets; sourceTree = "<group>"; };
		6CAF2A922BFB874C0084BC52 /* Base */ = {isa = PBXFileReference; lastKnownFileType = file.storyboard; name = Base; path = Base.lproj/LaunchScreen.storyboard; sourceTree = "<group>"; };
		6CAF2A942BFB874C0084BC52 /* Info.plist */ = {isa = PBXFileReference; lastKnownFileType = text.plist.xml; path = Info.plist; sourceTree = "<group>"; };
		6CDC012D2C08B8E5006B2B5E /* Constant.swift */ = {isa = PBXFileReference; fileEncoding = 4; lastKnownFileType = sourcecode.swift; path = Constant.swift; sourceTree = "<group>"; };
		6CDC01322C08B937006B2B5E /* DMWeatherInfo.swift */ = {isa = PBXFileReference; fileEncoding = 4; lastKnownFileType = sourcecode.swift; path = DMWeatherInfo.swift; sourceTree = "<group>"; };
		6CDC01392C08CA67006B2B5E /* WeatherClient.xcdatamodel */ = {isa = PBXFileReference; lastKnownFileType = wrapper.xcdatamodel; path = WeatherClient.xcdatamodel; sourceTree = "<group>"; };
		6CDC013D2C08CC02006B2B5E /* CoreDataService.swift */ = {isa = PBXFileReference; fileEncoding = 4; lastKnownFileType = sourcecode.swift; path = CoreDataService.swift; sourceTree = "<group>"; };
		6CDC01472C08CEE3006B2B5E /* CDWeatherInfo+CoreDataClass.swift */ = {isa = PBXFileReference; lastKnownFileType = sourcecode.swift; path = "CDWeatherInfo+CoreDataClass.swift"; sourceTree = "<group>"; };
		6CDC01482C08CEE3006B2B5E /* CDWeatherInfo+CoreDataProperties.swift */ = {isa = PBXFileReference; lastKnownFileType = sourcecode.swift; path = "CDWeatherInfo+CoreDataProperties.swift"; sourceTree = "<group>"; };
		6CDC01492C08CEE3006B2B5E /* CDWeatherDetailes+CoreDataClass.swift */ = {isa = PBXFileReference; lastKnownFileType = sourcecode.swift; path = "CDWeatherDetailes+CoreDataClass.swift"; sourceTree = "<group>"; };
		6CDC014A2C08CEE3006B2B5E /* CDWeatherDetailes+CoreDataProperties.swift */ = {isa = PBXFileReference; lastKnownFileType = sourcecode.swift; path = "CDWeatherDetailes+CoreDataProperties.swift"; sourceTree = "<group>"; };
		6CDC017E2C09DDFA006B2B5E /* CoreDataService+Weather.swift */ = {isa = PBXFileReference; lastKnownFileType = sourcecode.swift; path = "CoreDataService+Weather.swift"; sourceTree = "<group>"; };
/* End PBXFileReference section */

/* Begin PBXFrameworksBuildPhase section */
		6CAF2A802BFB87440084BC52 /* Frameworks */ = {
			isa = PBXFrameworksBuildPhase;
			buildActionMask = 2147483647;
			files = (
			);
			runOnlyForDeploymentPostprocessing = 0;
		};
/* End PBXFrameworksBuildPhase section */

/* Begin PBXGroup section */
		6C6BF0E72C1611C3006032CA /* Controller */ = {
			isa = PBXGroup;
			children = (
				6C6BF0E62C1611C3006032CA /* MainViewController.swift */,
			);
			path = Controller;
			sourceTree = "<group>";
		};
		6C6BF0EB2C1611C3006032CA /* Model */ = {
			isa = PBXGroup;
			children = (
				6C6BF0E82C1611C3006032CA /* MainModel.swift */,
				6C6BF0E92C1611C3006032CA /* MainModelDelegate.swift */,
				6C6BF0EA2C1611C3006032CA /* MainModelProtocol.swift */,
			);
			path = Model;
			sourceTree = "<group>";
		};
		6C6BF0EF2C1611C3006032CA /* View */ = {
			isa = PBXGroup;
			children = (
				6C6BF0EC2C1611C3006032CA /* MainView.swift */,
				6C6BF0ED2C1611C3006032CA /* MainViewDelegate.swift */,
				6C6BF0EE2C1611C3006032CA /* MainViewProtocol.swift */,
			);
			path = View;
			sourceTree = "<group>";
		};
		6C6BF0F02C1611C3006032CA /* Main */ = {
			isa = PBXGroup;
			children = (
				6C6BF0E72C1611C3006032CA /* Controller */,
				6C6BF0EB2C1611C3006032CA /* Model */,
				6C6BF0EF2C1611C3006032CA /* View */,
			);
			path = Main;
			sourceTree = "<group>";
		};
		6C6BF0FC2C1617C8006032CA /* Network */ = {
			isa = PBXGroup;
			children = (
				6C6BF0F82C1617C8006032CA /* APIConstant.swift */,
				6C6BF0F92C1617C8006032CA /* NetworkService.swift */,
				6C6BF0FA2C1617C8006032CA /* NetworkService+Weather.swift */,
				6C6BF0FB2C1617C8006032CA /* NetworkServiceProtocol.swift */,
			);
			path = Network;
			sourceTree = "<group>";
		};
		6CAF2A7A2BFB87440084BC52 = {
			isa = PBXGroup;
			children = (
				6CAF2A852BFB87440084BC52 /* WeatherClient */,
				6CAF2A842BFB87440084BC52 /* Products */,
			);
			sourceTree = "<group>";
		};
		6CAF2A842BFB87440084BC52 /* Products */ = {
			isa = PBXGroup;
			children = (
				6CAF2A832BFB87440084BC52 /* WeatherClient.app */,
			);
			name = Products;
			sourceTree = "<group>";
		};
		6CAF2A852BFB87440084BC52 /* WeatherClient */ = {
			isa = PBXGroup;
			children = (
				6CAF2A9A2BFB87A10084BC52 /* Source */,
				6CAF2A9B2BFB87A80084BC52 /* Resource */,
				6CDC01382C08CA67006B2B5E /* WeatherClient.xcdatamodeld */,
			);
			path = WeatherClient;
			sourceTree = "<group>";
		};
		6CAF2A9A2BFB87A10084BC52 /* Source */ = {
			isa = PBXGroup;
			children = (
				6CDC01362C08BCEB006B2B5E /* Service */,
				6CDC012E2C08B8E5006B2B5E /* Common */,
				6CDC01312C08B921006B2B5E /* Models */,
				6CAF2AA02BFB88660084BC52 /* Screen */,
				6CAF2A9F2BFB88450084BC52 /* AppDelegate */,
			);
			path = Source;
			sourceTree = "<group>";
		};
		6CAF2A9B2BFB87A80084BC52 /* Resource */ = {
			isa = PBXGroup;
			children = (
				6CAF2A9C2BFB87C60084BC52 /* Storyboard */,
				6CAF2A9D2BFB87D50084BC52 /* Asset */,
				6CAF2A9E2BFB87E90084BC52 /* Plist */,
			);
			path = Resource;
			sourceTree = "<group>";
		};
		6CAF2A9C2BFB87C60084BC52 /* Storyboard */ = {
			isa = PBXGroup;
			children = (
				6CAF2A912BFB874C0084BC52 /* LaunchScreen.storyboard */,
			);
			path = Storyboard;
			sourceTree = "<group>";
		};
		6CAF2A9D2BFB87D50084BC52 /* Asset */ = {
			isa = PBXGroup;
			children = (
				6CAF2A8F2BFB874C0084BC52 /* Assets.xcassets */,
			);
			path = Asset;
			sourceTree = "<group>";
		};
		6CAF2A9E2BFB87E90084BC52 /* Plist */ = {
			isa = PBXGroup;
			children = (
				6CAF2A942BFB874C0084BC52 /* Info.plist */,
			);
			path = Plist;
			sourceTree = "<group>";
		};
		6CAF2A9F2BFB88450084BC52 /* AppDelegate */ = {
			isa = PBXGroup;
			children = (
				6CAF2A862BFB87440084BC52 /* AppDelegate.swift */,
				6CAF2A882BFB87440084BC52 /* SceneDelegate.swift */,
			);
			path = AppDelegate;
			sourceTree = "<group>";
		};
		6CAF2AA02BFB88660084BC52 /* Screen */ = {
			isa = PBXGroup;
			children = (
				6C6BF0F02C1611C3006032CA /* Main */,
			);
			path = Screen;
			sourceTree = "<group>";
		};
		6CDC012E2C08B8E5006B2B5E /* Common */ = {
			isa = PBXGroup;
			children = (
				6CDC012D2C08B8E5006B2B5E /* Constant.swift */,
			);
			path = Common;
			sourceTree = "<group>";
		};
		6CDC01312C08B921006B2B5E /* Models */ = {
			isa = PBXGroup;
			children = (
				6CDC014F2C08CEF0006B2B5E /* CoreData */,
				6CDC01332C08B937006B2B5E /* API */,
				6C6BF0E42C16115A006032CA /* Location.swift */,
			);
			path = Models;
			sourceTree = "<group>";
		};
		6CDC01332C08B937006B2B5E /* API */ = {
			isa = PBXGroup;
			children = (
				6CDC01322C08B937006B2B5E /* DMWeatherInfo.swift */,
			);
			path = API;
			sourceTree = "<group>";
		};
		6CDC01362C08BCEB006B2B5E /* Service */ = {
			isa = PBXGroup;
			children = (
				6C6BF0FC2C1617C8006032CA /* Network */,
				6CDC013C2C08CBE7006B2B5E /* CoreDataService */,
				6C6BF1032C161A92006032CA /* ServiceProvider.swift */,
			);
			path = Service;
			sourceTree = "<group>";
		};
		6CDC013C2C08CBE7006B2B5E /* CoreDataService */ = {
			isa = PBXGroup;
			children = (
				6CDC013D2C08CC02006B2B5E /* CoreDataService.swift */,
				6CDC017E2C09DDFA006B2B5E /* CoreDataService+Weather.swift */,
				6C6BF1012C161A37006032CA /* CoreDataServiceProtocol.swift */,
			);
			path = CoreDataService;
			sourceTree = "<group>";
		};
		6CDC014F2C08CEF0006B2B5E /* CoreData */ = {
			isa = PBXGroup;
			children = (
				6CDC01472C08CEE3006B2B5E /* CDWeatherInfo+CoreDataClass.swift */,
				6CDC01482C08CEE3006B2B5E /* CDWeatherInfo+CoreDataProperties.swift */,
				6CDC01492C08CEE3006B2B5E /* CDWeatherDetailes+CoreDataClass.swift */,
				6CDC014A2C08CEE3006B2B5E /* CDWeatherDetailes+CoreDataProperties.swift */,
			);
			path = CoreData;
			sourceTree = "<group>";
		};
/* End PBXGroup section */

/* Begin PBXNativeTarget section */
		6CAF2A822BFB87440084BC52 /* WeatherClient */ = {
			isa = PBXNativeTarget;
			buildConfigurationList = 6CAF2A972BFB874C0084BC52 /* Build configuration list for PBXNativeTarget "WeatherClient" */;
			buildPhases = (
				6CAF2A7F2BFB87440084BC52 /* Sources */,
				6CAF2A802BFB87440084BC52 /* Frameworks */,
				6CAF2A812BFB87440084BC52 /* Resources */,
			);
			buildRules = (
			);
			dependencies = (
			);
			name = WeatherClient;
			productName = WeatherClient;
			productReference = 6CAF2A832BFB87440084BC52 /* WeatherClient.app */;
			productType = "com.apple.product-type.application";
		};
/* End PBXNativeTarget section */

/* Begin PBXProject section */
		6CAF2A7B2BFB87440084BC52 /* Project object */ = {
			isa = PBXProject;
			attributes = {
				BuildIndependentTargetsInParallel = 1;
				LastSwiftUpdateCheck = 1530;
				LastUpgradeCheck = 1530;
				TargetAttributes = {
					6CAF2A822BFB87440084BC52 = {
						CreatedOnToolsVersion = 15.3;
					};
				};
			};
			buildConfigurationList = 6CAF2A7E2BFB87440084BC52 /* Build configuration list for PBXProject "WeatherClient" */;
			compatibilityVersion = "Xcode 14.0";
			developmentRegion = en;
			hasScannedForEncodings = 0;
			knownRegions = (
				en,
				Base,
			);
			mainGroup = 6CAF2A7A2BFB87440084BC52;
			productRefGroup = 6CAF2A842BFB87440084BC52 /* Products */;
			projectDirPath = "";
			projectRoot = "";
			targets = (
				6CAF2A822BFB87440084BC52 /* WeatherClient */,
			);
		};
/* End PBXProject section */

/* Begin PBXResourcesBuildPhase section */
		6CAF2A812BFB87440084BC52 /* Resources */ = {
			isa = PBXResourcesBuildPhase;
			buildActionMask = 2147483647;
			files = (
				6CAF2A902BFB874C0084BC52 /* Assets.xcassets in Resources */,
				6CAF2A932BFB874C0084BC52 /* Base in Resources */,
			);
			runOnlyForDeploymentPostprocessing = 0;
		};
/* End PBXResourcesBuildPhase section */

/* Begin PBXSourcesBuildPhase section */
		6CAF2A7F2BFB87440084BC52 /* Sources */ = {
			isa = PBXSourcesBuildPhase;
			buildActionMask = 2147483647;
			files = (
				6CDC01342C08B937006B2B5E /* DMWeatherInfo.swift in Sources */,
				6C6BF0F52C1611C3006032CA /* MainView.swift in Sources */,
				6CDC013A2C08CA67006B2B5E /* WeatherClient.xcdatamodeld in Sources */,
				6C6BF0E52C16115A006032CA /* Location.swift in Sources */,
				6C6BF0F62C1611C3006032CA /* MainViewDelegate.swift in Sources */,
				6C6BF0FE2C1617C9006032CA /* NetworkService.swift in Sources */,
				6C6BF1022C161A38006032CA /* CoreDataServiceProtocol.swift in Sources */,
				6CDC01302C08B8E5006B2B5E /* Constant.swift in Sources */,
				6C6BF0FD2C1617C9006032CA /* APIConstant.swift in Sources */,
				6C6BF0F12C1611C3006032CA /* MainViewController.swift in Sources */,
				6CAF2A872BFB87440084BC52 /* AppDelegate.swift in Sources */,
				6CDC014B2C08CEE3006B2B5E /* CDWeatherInfo+CoreDataClass.swift in Sources */,
				6CDC014C2C08CEE3006B2B5E /* CDWeatherInfo+CoreDataProperties.swift in Sources */,
				6CDC014D2C08CEE3006B2B5E /* CDWeatherDetailes+CoreDataClass.swift in Sources */,
				6CDC014E2C08CEE3006B2B5E /* CDWeatherDetailes+CoreDataProperties.swift in Sources */,
				6C6BF1042C161A92006032CA /* ServiceProvider.swift in Sources */,
				6C6BF0F42C1611C3006032CA /* MainModelProtocol.swift in Sources */,
				6C6BF0F22C1611C3006032CA /* MainModel.swift in Sources */,
				6CDC017F2C09DDFA006B2B5E /* CoreDataService+Weather.swift in Sources */,
				6CDC013E2C08CC02006B2B5E /* CoreDataService.swift in Sources */,
				6CAF2A892BFB87440084BC52 /* SceneDelegate.swift in Sources */,
				6C6BF1002C1617C9006032CA /* NetworkServiceProtocol.swift in Sources */,
				6C6BF0FF2C1617C9006032CA /* NetworkService+Weather.swift in Sources */,
				6C6BF0F72C1611C3006032CA /* MainViewProtocol.swift in Sources */,
				6C6BF0F32C1611C3006032CA /* MainModelDelegate.swift in Sources */,
			);
			runOnlyForDeploymentPostprocessing = 0;
		};
/* End PBXSourcesBuildPhase section */

/* Begin PBXVariantGroup section */
		6CAF2A912BFB874C0084BC52 /* LaunchScreen.storyboard */ = {
			isa = PBXVariantGroup;
			children = (
				6CAF2A922BFB874C0084BC52 /* Base */,
			);
			name = LaunchScreen.storyboard;
			sourceTree = "<group>";
		};
/* End PBXVariantGroup section */

/* Begin XCBuildConfiguration section */
		6CAF2A952BFB874C0084BC52 /* Debug */ = {
			isa = XCBuildConfiguration;
			buildSettings = {
				ALWAYS_SEARCH_USER_PATHS = NO;
				ASSETCATALOG_COMPILER_GENERATE_SWIFT_ASSET_SYMBOL_EXTENSIONS = YES;
				CLANG_ANALYZER_NONNULL = YES;
				CLANG_ANALYZER_NUMBER_OBJECT_CONVERSION = YES_AGGRESSIVE;
				CLANG_CXX_LANGUAGE_STANDARD = "gnu++20";
				CLANG_ENABLE_MODULES = YES;
				CLANG_ENABLE_OBJC_ARC = YES;
				CLANG_ENABLE_OBJC_WEAK = YES;
				CLANG_WARN_BLOCK_CAPTURE_AUTORELEASING = YES;
				CLANG_WARN_BOOL_CONVERSION = YES;
				CLANG_WARN_COMMA = YES;
				CLANG_WARN_CONSTANT_CONVERSION = YES;
				CLANG_WARN_DEPRECATED_OBJC_IMPLEMENTATIONS = YES;
				CLANG_WARN_DIRECT_OBJC_ISA_USAGE = YES_ERROR;
				CLANG_WARN_DOCUMENTATION_COMMENTS = YES;
				CLANG_WARN_EMPTY_BODY = YES;
				CLANG_WARN_ENUM_CONVERSION = YES;
				CLANG_WARN_INFINITE_RECURSION = YES;
				CLANG_WARN_INT_CONVERSION = YES;
				CLANG_WARN_NON_LITERAL_NULL_CONVERSION = YES;
				CLANG_WARN_OBJC_IMPLICIT_RETAIN_SELF = YES;
				CLANG_WARN_OBJC_LITERAL_CONVERSION = YES;
				CLANG_WARN_OBJC_ROOT_CLASS = YES_ERROR;
				CLANG_WARN_QUOTED_INCLUDE_IN_FRAMEWORK_HEADER = YES;
				CLANG_WARN_RANGE_LOOP_ANALYSIS = YES;
				CLANG_WARN_STRICT_PROTOTYPES = YES;
				CLANG_WARN_SUSPICIOUS_MOVE = YES;
				CLANG_WARN_UNGUARDED_AVAILABILITY = YES_AGGRESSIVE;
				CLANG_WARN_UNREACHABLE_CODE = YES;
				CLANG_WARN__DUPLICATE_METHOD_MATCH = YES;
				COPY_PHASE_STRIP = NO;
				DEBUG_INFORMATION_FORMAT = dwarf;
				ENABLE_STRICT_OBJC_MSGSEND = YES;
				ENABLE_TESTABILITY = YES;
				ENABLE_USER_SCRIPT_SANDBOXING = YES;
				GCC_C_LANGUAGE_STANDARD = gnu17;
				GCC_DYNAMIC_NO_PIC = NO;
				GCC_NO_COMMON_BLOCKS = YES;
				GCC_OPTIMIZATION_LEVEL = 0;
				GCC_PREPROCESSOR_DEFINITIONS = (
					"DEBUG=1",
					"$(inherited)",
				);
				GCC_WARN_64_TO_32_BIT_CONVERSION = YES;
				GCC_WARN_ABOUT_RETURN_TYPE = YES_ERROR;
				GCC_WARN_UNDECLARED_SELECTOR = YES;
				GCC_WARN_UNINITIALIZED_AUTOS = YES_AGGRESSIVE;
				GCC_WARN_UNUSED_FUNCTION = YES;
				GCC_WARN_UNUSED_VARIABLE = YES;
				IPHONEOS_DEPLOYMENT_TARGET = 15.0;
				LOCALIZATION_PREFERS_STRING_CATALOGS = YES;
				MTL_ENABLE_DEBUG_INFO = INCLUDE_SOURCE;
				MTL_FAST_MATH = YES;
				ONLY_ACTIVE_ARCH = YES;
				SDKROOT = iphoneos;
				SWIFT_ACTIVE_COMPILATION_CONDITIONS = "DEBUG $(inherited)";
				SWIFT_OPTIMIZATION_LEVEL = "-Onone";
			};
			name = Debug;
		};
		6CAF2A962BFB874C0084BC52 /* Release */ = {
			isa = XCBuildConfiguration;
			buildSettings = {
				ALWAYS_SEARCH_USER_PATHS = NO;
				ASSETCATALOG_COMPILER_GENERATE_SWIFT_ASSET_SYMBOL_EXTENSIONS = YES;
				CLANG_ANALYZER_NONNULL = YES;
				CLANG_ANALYZER_NUMBER_OBJECT_CONVERSION = YES_AGGRESSIVE;
				CLANG_CXX_LANGUAGE_STANDARD = "gnu++20";
				CLANG_ENABLE_MODULES = YES;
				CLANG_ENABLE_OBJC_ARC = YES;
				CLANG_ENABLE_OBJC_WEAK = YES;
				CLANG_WARN_BLOCK_CAPTURE_AUTORELEASING = YES;
				CLANG_WARN_BOOL_CONVERSION = YES;
				CLANG_WARN_COMMA = YES;
				CLANG_WARN_CONSTANT_CONVERSION = YES;
				CLANG_WARN_DEPRECATED_OBJC_IMPLEMENTATIONS = YES;
				CLANG_WARN_DIRECT_OBJC_ISA_USAGE = YES_ERROR;
				CLANG_WARN_DOCUMENTATION_COMMENTS = YES;
				CLANG_WARN_EMPTY_BODY = YES;
				CLANG_WARN_ENUM_CONVERSION = YES;
				CLANG_WARN_INFINITE_RECURSION = YES;
				CLANG_WARN_INT_CONVERSION = YES;
				CLANG_WARN_NON_LITERAL_NULL_CONVERSION = YES;
				CLANG_WARN_OBJC_IMPLICIT_RETAIN_SELF = YES;
				CLANG_WARN_OBJC_LITERAL_CONVERSION = YES;
				CLANG_WARN_OBJC_ROOT_CLASS = YES_ERROR;
				CLANG_WARN_QUOTED_INCLUDE_IN_FRAMEWORK_HEADER = YES;
				CLANG_WARN_RANGE_LOOP_ANALYSIS = YES;
				CLANG_WARN_STRICT_PROTOTYPES = YES;
				CLANG_WARN_SUSPICIOUS_MOVE = YES;
				CLANG_WARN_UNGUARDED_AVAILABILITY = YES_AGGRESSIVE;
				CLANG_WARN_UNREACHABLE_CODE = YES;
				CLANG_WARN__DUPLICATE_METHOD_MATCH = YES;
				COPY_PHASE_STRIP = NO;
				DEBUG_INFORMATION_FORMAT = "dwarf-with-dsym";
				ENABLE_NS_ASSERTIONS = NO;
				ENABLE_STRICT_OBJC_MSGSEND = YES;
				ENABLE_USER_SCRIPT_SANDBOXING = YES;
				GCC_C_LANGUAGE_STANDARD = gnu17;
				GCC_NO_COMMON_BLOCKS = YES;
				GCC_WARN_64_TO_32_BIT_CONVERSION = YES;
				GCC_WARN_ABOUT_RETURN_TYPE = YES_ERROR;
				GCC_WARN_UNDECLARED_SELECTOR = YES;
				GCC_WARN_UNINITIALIZED_AUTOS = YES_AGGRESSIVE;
				GCC_WARN_UNUSED_FUNCTION = YES;
				GCC_WARN_UNUSED_VARIABLE = YES;
				IPHONEOS_DEPLOYMENT_TARGET = 15.0;
				LOCALIZATION_PREFERS_STRING_CATALOGS = YES;
				MTL_ENABLE_DEBUG_INFO = NO;
				MTL_FAST_MATH = YES;
				SDKROOT = iphoneos;
				SWIFT_COMPILATION_MODE = wholemodule;
				VALIDATE_PRODUCT = YES;
			};
			name = Release;
		};
		6CAF2A982BFB874C0084BC52 /* Debug */ = {
			isa = XCBuildConfiguration;
			buildSettings = {
				ASSETCATALOG_COMPILER_APPICON_NAME = AppIcon;
				ASSETCATALOG_COMPILER_GLOBAL_ACCENT_COLOR_NAME = AccentColor;
				CODE_SIGN_STYLE = Automatic;
				CURRENT_PROJECT_VERSION = 1;
				DEVELOPMENT_TEAM = 5G9A582T98;
				GENERATE_INFOPLIST_FILE = YES;
				INFOPLIST_FILE = WeatherClient/Resource/Plist/Info.plist;
				INFOPLIST_KEY_UIApplicationSupportsIndirectInputEvents = YES;
				INFOPLIST_KEY_UILaunchStoryboardName = LaunchScreen;
				INFOPLIST_KEY_UISupportedInterfaceOrientations = UIInterfaceOrientationPortrait;
				IPHONEOS_DEPLOYMENT_TARGET = 15.0;
				LD_RUNPATH_SEARCH_PATHS = (
					"$(inherited)",
					"@executable_path/Frameworks",
				);
				MARKETING_VERSION = 1.0;
				PRODUCT_BUNDLE_IDENTIFIER = "iOSCourse-CHISW.WeatherClient";
				PRODUCT_NAME = "$(TARGET_NAME)";
				SWIFT_EMIT_LOC_STRINGS = YES;
				SWIFT_VERSION = 5.0;
				TARGETED_DEVICE_FAMILY = "1,2";
			};
			name = Debug;
		};
		6CAF2A992BFB874C0084BC52 /* Release */ = {
			isa = XCBuildConfiguration;
			buildSettings = {
				ASSETCATALOG_COMPILER_APPICON_NAME = AppIcon;
				ASSETCATALOG_COMPILER_GLOBAL_ACCENT_COLOR_NAME = AccentColor;
				CODE_SIGN_STYLE = Automatic;
				CURRENT_PROJECT_VERSION = 1;
				DEVELOPMENT_TEAM = 5G9A582T98;
				GENERATE_INFOPLIST_FILE = YES;
				INFOPLIST_FILE = WeatherClient/Resource/Plist/Info.plist;
				INFOPLIST_KEY_UIApplicationSupportsIndirectInputEvents = YES;
				INFOPLIST_KEY_UILaunchStoryboardName = LaunchScreen;
				INFOPLIST_KEY_UISupportedInterfaceOrientations = UIInterfaceOrientationPortrait;
				IPHONEOS_DEPLOYMENT_TARGET = 15.0;
				LD_RUNPATH_SEARCH_PATHS = (
					"$(inherited)",
					"@executable_path/Frameworks",
				);
				MARKETING_VERSION = 1.0;
				PRODUCT_BUNDLE_IDENTIFIER = "iOSCourse-CHISW.WeatherClient";
				PRODUCT_NAME = "$(TARGET_NAME)";
				SWIFT_EMIT_LOC_STRINGS = YES;
				SWIFT_VERSION = 5.0;
				TARGETED_DEVICE_FAMILY = "1,2";
			};
			name = Release;
		};
/* End XCBuildConfiguration section */

/* Begin XCConfigurationList section */
		6CAF2A7E2BFB87440084BC52 /* Build configuration list for PBXProject "WeatherClient" */ = {
			isa = XCConfigurationList;
			buildConfigurations = (
				6CAF2A952BFB874C0084BC52 /* Debug */,
				6CAF2A962BFB874C0084BC52 /* Release */,
			);
			defaultConfigurationIsVisible = 0;
			defaultConfigurationName = Release;
		};
		6CAF2A972BFB874C0084BC52 /* Build configuration list for PBXNativeTarget "WeatherClient" */ = {
			isa = XCConfigurationList;
			buildConfigurations = (
				6CAF2A982BFB874C0084BC52 /* Debug */,
				6CAF2A992BFB874C0084BC52 /* Release */,
			);
			defaultConfigurationIsVisible = 0;
			defaultConfigurationName = Release;
		};
/* End XCConfigurationList section */

/* Begin XCVersionGroup section */
		6CDC01382C08CA67006B2B5E /* WeatherClient.xcdatamodeld */ = {
			isa = XCVersionGroup;
			children = (
				6CDC01392C08CA67006B2B5E /* WeatherClient.xcdatamodel */,
			);
			currentVersion = 6CDC01392C08CA67006B2B5E /* WeatherClient.xcdatamodel */;
			name = WeatherClient.xcdatamodeld;
			path = /Users/alinavlasenko/CHI_iOSCourse/WeatherClient/WeatherClient/WeatherClient/WeatherClient/WeatherClient.xcdatamodeld;
			sourceTree = "<group>";
			versionGroupType = wrapper.xcdatamodel;
		};
/* End XCVersionGroup section */
	};
	rootObject = 6CAF2A7B2BFB87440084BC52 /* Project object */;
}
